{
  "name": "he-piantor-42-eda-003a",
  "lockfileVersion": 3,
  "requires": true,
  "packages": {
    "": {
      "name": "he-piantor-42-eda-003a",
      "dependencies": {
        "@flatten-js/core": "1.6.14",
        "@tscircuit/circuit-json-util": "0.0.120",
        "kicad-to-circuit-json": "0.0.142",
        "kicadts": "0.0.58",
        "transformation-matrix": "2.16.1",
        "typescript": "5.9.3"
      }
    },
    "node_modules/@flatten-js/core": {
      "version": "1.6.14",
      "resolved": "https://registry.npmjs.org/@flatten-js/core/-/core-1.6.14.tgz",
      "integrity": "sha512-9Aa7Y+tTDtTGjL2mH5dYAGeY43CISj0w1DxQ0MPxgWnwVuIJV6jzRlTNHGSeJEnleMngldwdZORarOMcszqpLg==",
      "license": "MIT",
      "dependencies": {
        "@flatten-js/interval-tree": "^2.0.0"
      },
      "engines": {
        "node": ">=4.2.4"
      }
    },
    "node_modules/@flatten-js/interval-tree": {
      "version": "2.0.3",
      "resolved": "https://registry.npmjs.org/@flatten-js/interval-tree/-/interval-tree-2.0.3.tgz",
      "integrity": "sha512-Lv3eaITqU20WD+5W8L7JeJdjDXC9hfTUEzY0cRLx/sXj1+P3XdK6Fig4UdxvsekakTK8XeOwnpAKEpTI728U4g==",
      "license": "MIT",
      "dependencies": {
        "tslib": "^2.8.1"
      },
      "engines": {
        "node": ">=16.0.0"
      },
      "funding": {
        "type": "buymeacoffee",
        "url": "https://www.buymeacoffee.com/alexbol99"
      }
    },
    "node_modules/@tscircuit/circuit-json-util": {
      "version": "0.0.120",
      "resolved": "https://registry.npmjs.org/@tscircuit/circuit-json-util/-/circuit-json-util-0.0.120.tgz",
      "integrity": "sha512-nmfjmWmQnPd4IW9vsyQzkzEs2jPQeN6toETkK7x5O9BxePmkzIz0+sWJkhO1D8iFJplREeFWKnFaEz5MD/4fPg==",
      "license": "MIT",
      "dependencies": {
        "@flatten-js/core": "^1.6.14",
        "parsel-js": "^1.1.2"
      },
      "peerDependencies": {
        "circuit-json": "*",
        "transformation-matrix": "*",
        "zod": "3"
      }
    },
    "node_modules/circuit-json": {
      "version": "0.0.517",
      "resolved": "https://registry.npmjs.org/circuit-json/-/circuit-json-0.0.517.tgz",
      "integrity": "sha512-9RZRFCusUTjkTPIL+07n+NuefiDU9Rm+fKOB5F2y10AmAdO+gQZgUI0B8ru8YQUg1LNmfraLttVlqvVAA1PENA==",
      "license": "ISC",
      "peer": true,
      "peerDependencies": {
        "format-si-unit": "*"
      }
    },
    "node_modules/format-si-unit": {
      "version": "0.0.14",
      "resolved": "https://registry.npmjs.org/format-si-unit/-/format-si-unit-0.0.14.tgz",
      "integrity": "sha512-HjWPswASCwjjZtEOLugBXENtV0MeySzXVUQKJREhr5N0moWatjBYshTgfetUnPYl07nFgq3uEACsXffA9oE5Hw==",
      "peer": true,
      "peerDependencies": {
        "typescript": "^5.0.0"
      }
    },
    "node_modules/kicad-to-circuit-json": {
      "version": "0.0.142",
      "resolved": "https://registry.npmjs.org/kicad-to-circuit-json/-/kicad-to-circuit-json-0.0.142.tgz",
      "integrity": "sha512-yOLi2MYFhFWKe25WrsBuQocvsm+J567GMV8r5zFuA+2v8RYQvJp2VAGb0QyV6NqHmp2j7vLO1TiLAWDYzBGgoQ==",
      "peerDependencies": {
        "typescript": "^5"
      }
    },
    "node_modules/kicadts": {
      "version": "0.0.58",
      "resolved": "https://registry.npmjs.org/kicadts/-/kicadts-0.0.58.tgz",
      "integrity": "sha512-T7iseLx25vy2JOYy+OTMsMQ6lU0rHmfwWhclfJy+E457pdyRmOrQPt3lea1dIKnbpLRDePxqhgJWsqdQicsVgA==",
      "peerDependencies": {
        "typescript": "^5"
      }
    },
    "node_modules/parsel-js": {
      "version": "1.2.3",
      "resolved": "https://registry.npmjs.org/parsel-js/-/parsel-js-1.2.3.tgz",
      "integrity": "sha512-kJHFmSNnujpusFfVEXjNaoJ09VYHF8Ih0aVUn7Clu+Ug8AFoA2wx7Ezh17JfW4+vhm/lauAd9A+//uFkmydZtQ==",
      "funding": [
        {
          "type": "individual",
          "url": "https://github.com/sponsors/LeaVerou"
        },
        {
          "type": "opencollective",
          "url": "https://opencollective.com/leaverou"
        }
      ],
      "license": "MIT"
    },
    "node_modules/transformation-matrix": {
      "version": "2.16.1",
      "resolved": "https://registry.npmjs.org/transformation-matrix/-/transformation-matrix-2.16.1.tgz",
      "integrity": "sha512-tdtC3wxVEuzU7X/ydL131Q3JU5cPMEn37oqVLITjRDSDsnSHVFzW2JiCLfZLIQEgWzZHdSy3J6bZzvKEN24jGA==",
      "license": "MIT",
      "funding": {
        "url": "https://github.com/sponsors/chrvadala"
      }
    },
    "node_modules/tslib": {
      "version": "2.8.1",
      "resolved": "https://registry.npmjs.org/tslib/-/tslib-2.8.1.tgz",
      "integrity": "sha512-oJFu94HQb+KVduSUQL7wnpmqnfmLsOA/nAh6b6EH0wCEoK0/mPeXU6c3wKDV83MkOuHPRHtSXKKU99IBazS/2w==",
      "license": "0BSD"
    },
    "node_modules/typescript": {
      "version": "5.9.3",
      "resolved": "https://registry.npmjs.org/typescript/-/typescript-5.9.3.tgz",
      "integrity": "sha512-jl1vZzPDinLr9eUt3J/t7V6FgNEw9QjvBPdysz9KfQDD41fQrC2Y4vKQdiaUpFT4bXlb1RHhLpp8wtm6M5TgSw==",
      "license": "Apache-2.0",
      "bin": {
        "tsc": "bin/tsc",
        "tsserver": "bin/tsserver"
      },
      "engines": {
        "node": ">=14.17"
      }
    },
    "node_modules/zod": {
      "version": "3.25.76",
      "resolved": "https://registry.npmjs.org/zod/-/zod-3.25.76.tgz",
      "integrity": "sha512-gzUt/qt81nXsFGKIFcC3YnfEAx5NkunCfnDlvuBSSFS02bcXu4Lmea0AFIUwbLWxWPx3d9p8S5QoaujKcNQxcQ==",
      "license": "MIT",
      "peer": true,
      "funding": {
        "url": "https://github.com/sponsors/colinhacks"
      }
    }
  }
}
